// !$*UTF8*$!
{
	archiveVersion = 1;
	classes = {
	};
	objectVersion = 77;
	objects = {

/* Begin PBXBuildFile section */
		31F00E852F1C6214007F33BC /* Auth in Frameworks */ = {isa = PBXBuildFile; productRef = 31F00E842F1C6214007F33BC /* Auth */; };
		31F00E872F1C6214007F33BC /* Functions in Frameworks */ = {isa = PBXBuildFile; productRef = 31F00E862F1C6214007F33BC /* Functions */; };
		31F00E892F1C6214007F33BC /* PostgREST in Frameworks */ = {isa = PBXBuildFile; productRef = 31F00E882F1C6214007F33BC /* PostgREST */; };
		31F00E8B2F1C6214007F33BC /* Realtime in Frameworks */ = {isa = PBXBuildFile; productRef = 31F00E8A2F1C6214007F33BC /* Realtime */; };
		31F00E8D2F1C6214007F33BC /* Storage in Frameworks */ = {isa = PBXBuildFile; productRef = 31F00E8C2F1C6214007F33BC /* Storage */; };
		31F00E8F2F1C6214007F33BC /* Supabase in Frameworks */ = {isa = PBXBuildFile; productRef = 31F00E8E2F1C6214007F33BC /* Supabase */; };
/* End PBXBuildFile section */

/* Begin PBXFileReference section */
		31356F432F1B7627007CF154 /* ib_clone.app */ = {isa = PBXFileReference; explicitFileType = wrapper.application; includeInIndex = 0; path = ib_clone.app; sourceTree = BUILT_PRODUCTS_DIR; };
/* End PBXFileReference section */

/* Begin PBXFileSystemSynchronizedRootGroup section */
		31356F452F1B7627007CF154 /* ib_clone */ = {
			isa = PBXFileSystemSynchronizedRootGroup;
			path = ib_clone;
			sourceTree = "<group>";
		};
/* End PBXFileSystemSynchronizedRootGroup section */

/* Begin PBXFrameworksBuildPhase section */
		31356F402F1B7627007CF154 /* Frameworks */ = {
			isa = PBXFrameworksBuildPhase;
			buildActionMask = 2147483647;
			files = (
				31F00E892F1C6214007F33BC /* PostgREST in Frameworks */,
				31F00E872F1C6214007F33BC /* Functions in Frameworks */,
				31F00E8F2F1C6214007F33BC /* Supabase in Frameworks */,
				31F00E852F1C6214007F33BC /* Auth in Frameworks */,
				31F00E8D2F1C6214007F33BC /* Storage in Frameworks */,
				31F00E8B2F1C6214007F33BC /* Realtime in Frameworks */,
			);
			runOnlyForDeploymentPostprocessing = 0;
		};
/* End PBXFrameworksBuildPhase section */

/* Begin PBXGroup section */
		31356F3A2F1B7627007CF154 = {
			isa = PBXGroup;
			children = (
				31356F452F1B7627007CF154 /* ib_clone */,
				31F00E832F1C6214007F33BC /* Frameworks */,
				31356F442F1B7627007CF154 /* Products */,
			);
			sourceTree = "<group>";
		};
		31356F442F1B7627007CF154 /* Products */ = {
			isa = PBXGroup;
			children = (
				31356F432F1B7627007CF154 /* ib_clone.app */,
			);
			name = Products;
			sourceTree = "<group>";
		};
		31F00E832F1C6214007F33BC /* Frameworks */ = {
			isa = PBXGroup;
			children = (
			);
			name = Frameworks;
			sourceTree = "<group>";
		};
/* End PBXGroup section */

/* Begin PBXNativeTarget section */
		31356F422F1B7627007CF154 /* ib_clone */ = {
			isa = PBXNativeTarget;
			buildConfigurationList = 31356F4E2F1B7627007CF154 /* Build configuration list for PBXNativeTarget "ib_clone" */;
			buildPhases = (
				31356F3F2F1B7627007CF154 /* Sources */,
				31356F402F1B7627007CF154 /* Frameworks */,
				31356F412F1B7627007CF154 /* Resources */,
			);
			buildRules = (
			);
			dependencies = (
				31F00E7C2F1C61D2007F33BC /* PBXTargetDependency */,
				31F00E7E2F1C61D2007F33BC /* PBXTargetDependency */,
				31F00E802F1C61D2007F33BC /* PBXTargetDependency */,
				31F00E822F1C61D2007F33BC /* PBXTargetDependency */,
			);
			fileSystemSynchronizedGroups = (
				31356F452F1B7627007CF154 /* ib_clone */,
			);
			name = ib_clone;
			packageProductDependencies = (
				31F00E842F1C6214007F33BC /* Auth */,
				31F00E862F1C6214007F33BC /* Functions */,
				31F00E882F1C6214007F33BC /* PostgREST */,
				31F00E8A2F1C6214007F33BC /* Realtime */,
				31F00E8C2F1C6214007F33BC /* Storage */,
				31F00E8E2F1C6214007F33BC /* Supabase */,
			);
			productName = ib_clone;
			productReference = 31356F432F1B7627007CF154 /* ib_clone.app */;
			productType = "com.apple.product-type.application";
		};
/* End PBXNativeTarget section */

/* Begin PBXProject section */
		31356F3B2F1B7627007CF154 /* Project object */ = {
			isa = PBXProject;
			attributes = {
				BuildIndependentTargetsInParallel = 1;
				LastSwiftUpdateCheck = 2620;
				LastUpgradeCheck = 2620;
				TargetAttributes = {
					31356F422F1B7627007CF154 = {
						CreatedOnToolsVersion = 26.2;
					};
				};
			};
			buildConfigurationList = 31356F3E2F1B7627007CF154 /* Build configuration list for PBXProject "ib_clone" */;
			developmentRegion = en;
			hasScannedForEncodings = 0;
			knownRegions = (
				en,
				Base,
			);
			mainGroup = 31356F3A2F1B7627007CF154;
			minimizedProjectReferenceProxies = 1;
			packageReferences = (
				31356FB92F1C5D9F007CF154 /* XCRemoteSwiftPackageReference "supabase-swift" */,
			);
			preferredProjectObjectVersion = 77;
			productRefGroup = 31356F442F1B7627007CF154 /* Products */;
			projectDirPath = "";
			projectRoot = "";
			targets = (
				31356F422F1B7627007CF154 /* ib_clone */,
			);
		};
/* End PBXProject section */

/* Begin PBXResourcesBuildPhase section */
		31356F412F1B7627007CF154 /* Resources */ = {
			isa = PBXResourcesBuildPhase;
			buildActionMask = 2147483647;
			files = (
			);
			runOnlyForDeploymentPostprocessing = 0;
		};
/* End PBXResourcesBuildPhase section */

/* Begin PBXSourcesBuildPhase section */
		31356F3F2F1B7627007CF154 /* Sources */ = {
			isa = PBXSourcesBuildPhase;
			buildActionMask = 2147483647;
			files = (
			);
			runOnlyForDeploymentPostprocessing = 0;
		};
/* End PBXSourcesBuildPhase section */

/* Begin PBXTargetDependency section */
		31F00E7C2F1C61D2007F33BC /* PBXTargetDependency */ = {
			isa = PBXTargetDependency;
			productRef = 31F00E7B2F1C61D2007F33BC /* Functions */;
		};
		31F00E7E2F1C61D2007F33BC /* PBXTargetDependency */ = {
			isa = PBXTargetDependency;
			productRef = 31F00E7D2F1C61D2007F33BC /* PostgREST */;
		};
		31F00E802F1C61D2007F33BC /* PBXTargetDependency */ = {
			isa = PBXTargetDependency;
			productRef = 31F00E7F2F1C61D2007F33BC /* Storage */;
		};
		31F00E822F1C61D2007F33BC /* PBXTargetDependency */ = {
			isa = PBXTargetDependency;
			productRef = 31F00E812F1C61D2007F33BC /* Supabase */;
		};
/* End PBXTargetDependency section */

/* Begin XCBuildConfiguration section */
		31356F4C2F1B7627007CF154 /* Debug */ = {
			isa = XCBuildConfiguration;
			buildSettings = {
				ALWAYS_SEARCH_USER_PATHS = NO;
				ASSETCATALOG_COMPILER_GENERATE_SWIFT_ASSET_SYMBOL_EXTENSIONS = YES;
				CLANG_ANALYZER_NONNULL = YES;
				CLANG_ANALYZER_NUMBER_OBJECT_CONVERSION = YES_AGGRESSIVE;
				CLANG_CXX_LANGUAGE_STANDARD = "gnu++20";
				CLANG_ENABLE_MODULES = YES;
				CLANG_ENABLE_OBJC_ARC = YES;
				CLANG_ENABLE_OBJC_WEAK = YES;
				CLANG_WARN_BLOCK_CAPTURE_AUTORELEASING = YES;
				CLANG_WARN_BOOL_CONVERSION = YES;
				CLANG_WARN_COMMA = YES;
				CLANG_WARN_CONSTANT_CONVERSION = YES;
				CLANG_WARN_DEPRECATED_OBJC_IMPLEMENTATIONS = YES;
				CLANG_WARN_DIRECT_OBJC_ISA_USAGE = YES_ERROR;
				CLANG_WARN_DOCUMENTATION_COMMENTS = YES;
				CLANG_WARN_EMPTY_BODY = YES;
				CLANG_WARN_ENUM_CONVERSION = YES;
				CLANG_WARN_INFINITE_RECURSION = YES;
				CLANG_WARN_INT_CONVERSION = YES;
				CLANG_WARN_NON_LITERAL_NULL_CONVERSION = YES;
				CLANG_WARN_OBJC_IMPLICIT_RETAIN_SELF = YES;
				CLANG_WARN_OBJC_LITERAL_CONVERSION = YES;
				CLANG_WARN_OBJC_ROOT_CLASS = YES_ERROR;
				CLANG_WARN_QUOTED_INCLUDE_IN_FRAMEWORK_HEADER = YES;
				CLANG_WARN_RANGE_LOOP_ANALYSIS = YES;
				CLANG_WARN_STRICT_PROTOTYPES = YES;
				CLANG_WARN_SUSPICIOUS_MOVE = YES;
				CLANG_WARN_UNGUARDED_AVAILABILITY = YES_AGGRESSIVE;
				CLANG_WARN_UNREACHABLE_CODE = YES;
				CLANG_WARN__DUPLICATE_METHOD_MATCH = YES;
				COPY_PHASE_STRIP = NO;
				DEBUG_INFORMATION_FORMAT = dwarf;
				DEVELOPMENT_TEAM = G4T85MCLCZ;
				ENABLE_STRICT_OBJC_MSGSEND = YES;
				ENABLE_TESTABILITY = YES;
				ENABLE_USER_SCRIPT_SANDBOXING = YES;
				GCC_C_LANGUAGE_STANDARD = gnu17;
				GCC_DYNAMIC_NO_PIC = NO;
				GCC_NO_COMMON_BLOCKS = YES;
				GCC_OPTIMIZATION_LEVEL = 0;
				GCC_PREPROCESSOR_DEFINITIONS = (
					"DEBUG=1",
					"$(inherited)",
				);
				GCC_WARN_64_TO_32_BIT_CONVERSION = YES;
				GCC_WARN_ABOUT_RETURN_TYPE = YES_ERROR;
				GCC_WARN_UNDECLARED_SELECTOR = YES;
				GCC_WARN_UNINITIALIZED_AUTOS = YES_AGGRESSIVE;
				GCC_WARN_UNUSED_FUNCTION = YES;
				GCC_WARN_UNUSED_VARIABLE = YES;
				IPHONEOS_DEPLOYMENT_TARGET = 26.2;
				LOCALIZATION_PREFERS_STRING_CATALOGS = YES;
				MTL_ENABLE_DEBUG_INFO = INCLUDE_SOURCE;
				MTL_FAST_MATH = YES;
				ONLY_ACTIVE_ARCH = YES;
				SDKROOT = iphoneos;
				SWIFT_ACTIVE_COMPILATION_CONDITIONS = "DEBUG $(inherited)";
				SWIFT_OPTIMIZATION_LEVEL = "-Onone";
			};
			name = Debug;
		};
		31356F4D2F1B7627007CF154 /* Release */ = {
			isa = XCBuildConfiguration;
			buildSettings = {
				ALWAYS_SEARCH_USER_PATHS = NO;
				ASSETCATALOG_COMPILER_GENERATE_SWIFT_ASSET_SYMBOL_EXTENSIONS = YES;
				CLANG_ANALYZER_NONNULL = YES;
				CLANG_ANALYZER_NUMBER_OBJECT_CONVERSION = YES_AGGRESSIVE;
				CLANG_CXX_LANGUAGE_STANDARD = "gnu++20";
				CLANG_ENABLE_MODULES = YES;
				CLANG_ENABLE_OBJC_ARC = YES;
				CLANG_ENABLE_OBJC_WEAK = YES;
				CLANG_WARN_BLOCK_CAPTURE_AUTORELEASING = YES;
				CLANG_WARN_BOOL_CONVERSION = YES;
				CLANG_WARN_COMMA = YES;
				CLANG_WARN_CONSTANT_CONVERSION = YES;
				CLANG_WARN_DEPRECATED_OBJC_IMPLEMENTATIONS = YES;
				CLANG_WARN_DIRECT_OBJC_ISA_USAGE = YES_ERROR;
				CLANG_WARN_DOCUMENTATION_COMMENTS = YES;
				CLANG_WARN_EMPTY_BODY = YES;
				CLANG_WARN_ENUM_CONVERSION = YES;
				CLANG_WARN_INFINITE_RECURSION = YES;
				CLANG_WARN_INT_CONVERSION = YES;
				CLANG_WARN_NON_LITERAL_NULL_CONVERSION = YES;
				CLANG_WARN_OBJC_IMPLICIT_RETAIN_SELF = YES;
				CLANG_WARN_OBJC_LITERAL_CONVERSION = YES;
				CLANG_WARN_OBJC_ROOT_CLASS = YES_ERROR;
				CLANG_WARN_QUOTED_INCLUDE_IN_FRAMEWORK_HEADER = YES;
				CLANG_WARN_RANGE_LOOP_ANALYSIS = YES;
				CLANG_WARN_STRICT_PROTOTYPES = YES;
				CLANG_WARN_SUSPICIOUS_MOVE = YES;
				CLANG_WARN_UNGUARDED_AVAILABILITY = YES_AGGRESSIVE;
				CLANG_WARN_UNREACHABLE_CODE = YES;
				CLANG_WARN__DUPLICATE_METHOD_MATCH = YES;
				COPY_PHASE_STRIP = NO;
				DEBUG_INFORMATION_FORMAT = "dwarf-with-dsym";
				DEVELOPMENT_TEAM = G4T85MCLCZ;
				ENABLE_NS_ASSERTIONS = NO;
				ENABLE_STRICT_OBJC_MSGSEND = YES;
				ENABLE_USER_SCRIPT_SANDBOXING = YES;
				GCC_C_LANGUAGE_STANDARD = gnu17;
				GCC_NO_COMMON_BLOCKS = YES;
				GCC_WARN_64_TO_32_BIT_CONVERSION = YES;
				GCC_WARN_ABOUT_RETURN_TYPE = YES_ERROR;
				GCC_WARN_UNDECLARED_SELECTOR = YES;
				GCC_WARN_UNINITIALIZED_AUTOS = YES_AGGRESSIVE;
				GCC_WARN_UNUSED_FUNCTION = YES;
				GCC_WARN_UNUSED_VARIABLE = YES;
				IPHONEOS_DEPLOYMENT_TARGET = 26.2;
				LOCALIZATION_PREFERS_STRING_CATALOGS = YES;
				MTL_ENABLE_DEBUG_INFO = NO;
				MTL_FAST_MATH = YES;
				SDKROOT = iphoneos;
				SWIFT_COMPILATION_MODE = wholemodule;
				VALIDATE_PRODUCT = YES;
			};
			name = Release;
		};
		31356F4F2F1B7627007CF154 /* Debug */ = {
			isa = XCBuildConfiguration;
			buildSettings = {
				ASSETCATALOG_COMPILER_APPICON_NAME = AppIcon;
				ASSETCATALOG_COMPILER_GLOBAL_ACCENT_COLOR_NAME = AccentColor;
				CODE_SIGN_STYLE = Automatic;
				CURRENT_PROJECT_VERSION = 1;
				DEVELOPMENT_TEAM = G4T85MCLCZ;
				ENABLE_PREVIEWS = YES;
				GENERATE_INFOPLIST_FILE = YES;
				INFOPLIST_KEY_NSCameraUsageDescription = "This app needs camera access to take photos.";
				INFOPLIST_KEY_UIApplicationSceneManifest_Generation = YES;
				INFOPLIST_KEY_UIApplicationSupportsIndirectInputEvents = YES;
				INFOPLIST_KEY_UILaunchScreen_Generation = YES;
				INFOPLIST_KEY_UISupportedInterfaceOrientations_iPad = "UIInterfaceOrientationPortrait UIInterfaceOrientationPortraitUpsideDown UIInterfaceOrientationLandscapeLeft UIInterfaceOrientationLandscapeRight";
				INFOPLIST_KEY_UISupportedInterfaceOrientations_iPhone = "UIInterfaceOrientationPortrait UIInterfaceOrientationLandscapeLeft UIInterfaceOrientationLandscapeRight";
				LD_RUNPATH_SEARCH_PATHS = (
					"$(inherited)",
					"@executable_path/Frameworks",
				);
				MARKETING_VERSION = 1.0;
				PRODUCT_BUNDLE_IDENTIFIER = "ib.ib-clone";
				PRODUCT_NAME = "$(TARGET_NAME)";
				STRING_CATALOG_GENERATE_SYMBOLS = YES;
				SWIFT_APPROACHABLE_CONCURRENCY = YES;
				SWIFT_DEFAULT_ACTOR_ISOLATION = MainActor;
				SWIFT_EMIT_LOC_STRINGS = YES;
				SWIFT_UPCOMING_FEATURE_MEMBER_IMPORT_VISIBILITY = YES;
				SWIFT_VERSION = 5.0;
				TARGETED_DEVICE_FAMILY = "1,2";
			};
			name = Debug;
		};
		31356F502F1B7627007CF154 /* Release */ = {
			isa = XCBuildConfiguration;
			buildSettings = {
				ASSETCATALOG_COMPILER_APPICON_NAME = AppIcon;
				ASSETCATALOG_COMPILER_GLOBAL_ACCENT_COLOR_NAME = AccentColor;
				CODE_SIGN_STYLE = Automatic;
				CURRENT_PROJECT_VERSION = 1;
				DEVELOPMENT_TEAM = G4T85MCLCZ;
				ENABLE_PREVIEWS = YES;
				GENERATE_INFOPLIST_FILE = YES;
				INFOPLIST_KEY_NSCameraUsageDescription = "This app needs camera access to take photos.";
				INFOPLIST_KEY_UIApplicationSceneManifest_Generation = YES;
				INFOPLIST_KEY_UIApplicationSupportsIndirectInputEvents = YES;
				INFOPLIST_KEY_UILaunchScreen_Generation = YES;
				INFOPLIST_KEY_UISupportedInterfaceOrientations_iPad = "UIInterfaceOrientationPortrait UIInterfaceOrientationPortraitUpsideDown UIInterfaceOrientationLandscapeLeft UIInterfaceOrientationLandscapeRight";
				INFOPLIST_KEY_UISupportedInterfaceOrientations_iPhone = "UIInterfaceOrientationPortrait UIInterfaceOrientationLandscapeLeft UIInterfaceOrientationLandscapeRight";
				LD_RUNPATH_SEARCH_PATHS = (
					"$(inherited)",
					"@executable_path/Frameworks",
				);
				MARKETING_VERSION = 1.0;
				PRODUCT_BUNDLE_IDENTIFIER = "ib.ib-clone";
				PRODUCT_NAME = "$(TARGET_NAME)";
				STRING_CATALOG_GENERATE_SYMBOLS = YES;
				SWIFT_APPROACHABLE_CONCURRENCY = YES;
				SWIFT_DEFAULT_ACTOR_ISOLATION = MainActor;
				SWIFT_EMIT_LOC_STRINGS = YES;
				SWIFT_UPCOMING_FEATURE_MEMBER_IMPORT_VISIBILITY = YES;
				SWIFT_VERSION = 5.0;
				TARGETED_DEVICE_FAMILY = "1,2";
			};
			name = Release;
		};
/* End XCBuildConfiguration section */

/* Begin XCConfigurationList section */
		31356F3E2F1B7627007CF154 /* Build configuration list for PBXProject "ib_clone" */ = {
			isa = XCConfigurationList;
			buildConfigurations = (
				31356F4C2F1B7627007CF154 /* Debug */,
				31356F4D2F1B7627007CF154 /* Release */,
			);
			defaultConfigurationIsVisible = 0;
			defaultConfigurationName = Release;
		};
		31356F4E2F1B7627007CF154 /* Build configuration list for PBXNativeTarget "ib_clone" */ = {
			isa = XCConfigurationList;
			buildConfigurations = (
				31356F4F2F1B7627007CF154 /* Debug */,
				31356F502F1B7627007CF154 /* Release */,
			);
			defaultConfigurationIsVisible = 0;
			defaultConfigurationName = Release;
		};
/* End XCConfigurationList section */

/* Begin XCRemoteSwiftPackageReference section */
		31356FB92F1C5D9F007CF154 /* XCRemoteSwiftPackageReference "supabase-swift" */ = {
			isa = XCRemoteSwiftPackageReference;
			repositoryURL = "https://github.com/supabase/supabase-swift";
			requirement = {
				kind = upToNextMajorVersion;
				minimumVersion = 2.5.1;
			};
		};
/* End XCRemoteSwiftPackageReference section */

/* Begin XCSwiftPackageProductDependency section */
		31F00E7B2F1C61D2007F33BC /* Functions */ = {
			isa = XCSwiftPackageProductDependency;
			package = 31356FB92F1C5D9F007CF154 /* XCRemoteSwiftPackageReference "supabase-swift" */;
			productName = Functions;
		};
		31F00E7D2F1C61D2007F33BC /* PostgREST */ = {
			isa = XCSwiftPackageProductDependency;
			package = 31356FB92F1C5D9F007CF154 /* XCRemoteSwiftPackageReference "supabase-swift" */;
			productName = PostgREST;
		};
		31F00E7F2F1C61D2007F33BC /* Storage */ = {
			isa = XCSwiftPackageProductDependency;
			package = 31356FB92F1C5D9F007CF154 /* XCRemoteSwiftPackageReference "supabase-swift" */;
			productName = Storage;
		};
		31F00E812F1C61D2007F33BC /* Supabase */ = {
			isa = XCSwiftPackageProductDependency;
			package = 31356FB92F1C5D9F007CF154 /* XCRemoteSwiftPackageReference "supabase-swift" */;
			productName = Supabase;
		};
		31F00E842F1C6214007F33BC /* Auth */ = {
			isa = XCSwiftPackageProductDependency;
			package = 31356FB92F1C5D9F007CF154 /* XCRemoteSwiftPackageReference "supabase-swift" */;
			productName = Auth;
		};
		31F00E862F1C6214007F33BC /* Functions */ = {
			isa = XCSwiftPackageProductDependency;
			package = 31356FB92F1C5D9F007CF154 /* XCRemoteSwiftPackageReference "supabase-swift" */;
			productName = Functions;
		};
		31F00E882F1C6214007F33BC /* PostgREST */ = {
			isa = XCSwiftPackageProductDependency;
			package = 31356FB92F1C5D9F007CF154 /* XCRemoteSwiftPackageReference "supabase-swift" */;
			productName = PostgREST;
		};
		31F00E8A2F1C6214007F33BC /* Realtime */ = {
			isa = XCSwiftPackageProductDependency;
			package = 31356FB92F1C5D9F007CF154 /* XCRemoteSwiftPackageReference "supabase-swift" */;
			productName = Realtime;
		};
		31F00E8C2F1C6214007F33BC /* Storage */ = {
			isa = XCSwiftPackageProductDependency;
			package = 31356FB92F1C5D9F007CF154 /* XCRemoteSwiftPackageReference "supabase-swift" */;
			productName = Storage;
		};
		31F00E8E2F1C6214007F33BC /* Supabase */ = {
			isa = XCSwiftPackageProductDependency;
			package = 31356FB92F1C5D9F007CF154 /* XCRemoteSwiftPackageReference "supabase-swift" */;
			productName = Supabase;
		};
/* End XCSwiftPackageProductDependency section */
	};
	rootObject = 31356F3B2F1B7627007CF154 /* Project object */;
}
